github.com/aws/aws-sdk-go-v2 v1.28.0 h1:ne6ftNhY0lUvlazMUQF15FF6NH80wKmPRFG7g2q6TCw=
github.com/aws/aws-sdk-go-v2 v1.28.0/go.mod h1:ffIFB97e2yNsv4aTSGkqtHnppsIJzw7G7BReUZ3jCXM=
github.com/aws/smithy-go v1.20.2 h1:tbp628ireGtzcHDDmLT/6ADHidqnwgF57XOXZe6tp4Q=
github.com/aws/smithy-go v1.20.2/go.mod h1:krry+ya/rV9RDcV/Q16kpu6ypI4K2czasz0NC3qS14E=
