github.com/bitfield/script v0.24.2 h1:MUbGhyDpBU3cclU9xBWdxjP7tGrz59X8PeFcFedLblc=
github.com/bitfield/script v0.24.2/go.mod h1:BrTVYa4CEIUruHYyzSTildiXtAu5txol02sU/MpOB5s=
github.com/itchyny/gojq v0.12.13 h1:IxyYlHYIlspQHHTE0f3cJF0NKDMfajxViuhBLnHd/QU=
github.com/itchyny/gojq v0.12.13/go.mod h1:JzwzAqenfhrPUuwbmEz3nu3JQmFLlQTQMUcOdnu/Sf4=
github.com/itchyny/timefmt-go v0.1.5 h1:G0INE2la8S6ru/ZI5JecgyzbbJNs5lG1RcBqa7Jm6GE=
github.com/itchyny/timefmt-go v0.1.5/go.mod h1:nEP7L+2YmAbT2kZ2HfSs1d8Xtw9LY8D2stDBckWakZ8=
mvdan.cc/sh/v3 v3.7.0 h1:lSTjdP/1xsddtaKfGg7Myu7DnlHItd3/M2tomOcNNBg=
mvdan.cc/sh/v3 v3.7.0/go.mod h1:K2gwkaesF/D7av7Kxl0HbF5kGOd2ArupNTX3X44+8l8=
